
Microsoft Visual Studio Solution File, Format Version 12.00
# Visual Studio Version 17
VisualStudioVersion = 17.14.36518.9 d17.14
MinimumVisualStudioVersion = 10.0.40219.1
Project("{FAE04EC0-301F-11D3-BF4B-00C04F79EFBC}") = "Formritare", "Formritare\Formritare.csproj", "{8B61B452-067F-4273-86F5-74ACA86E83AE}"
EndProject
Global
	GlobalSection(SolutionConfigurationPlatforms) = preSolution
		Debug|Any CPU = Debug|Any CPU
		Release|Any CPU = Release|Any CPU
	EndGlobalSection
	GlobalSection(ProjectConfigurationPlatforms) = postSolution
		{8B61B452-067F-4273-86F5-74ACA86E83AE}.Debug|Any CPU.ActiveCfg = Debug|Any CPU
		{8B61B452-067F-4273-86F5-74ACA86E83AE}.Debug|Any CPU.Build.0 = Debug|Any CPU
		{8B61B452-067F-4273-86F5-74ACA86E83AE}.Release|Any CPU.ActiveCfg = Release|Any CPU
		{8B61B452-067F-4273-86F5-74ACA86E83AE}.Release|Any CPU.Build.0 = Release|Any CPU
	EndGlobalSection
	GlobalSection(SolutionProperties) = preSolution
		HideSolutionNode = FALSE
	EndGlobalSection
	GlobalSection(ExtensibilityGlobals) = postSolution
		SolutionGuid = {0292ADB9-5335-45CC-AC86-2D81249093EA}
	EndGlobalSection
EndGlobal
