
Microsoft Visual Studio Solution File, Format Version 12.00
# Visual Studio Version 17
VisualStudioVersion = 17.14.36511.14 d17.14
MinimumVisualStudioVersion = 10.0.40219.1
Project("{FAE04EC0-301F-11D3-BF4B-00C04F79EFBC}") = "Läs text från en fil", "Läs text från en fil.csproj", "{15B125E1-3F20-42F9-B972-CDE6F28C06C8}"
EndProject
Global
	GlobalSection(SolutionConfigurationPlatforms) = preSolution
		Debug|Any CPU = Debug|Any CPU
		Release|Any CPU = Release|Any CPU
	EndGlobalSection
	GlobalSection(ProjectConfigurationPlatforms) = postSolution
		{15B125E1-3F20-42F9-B972-CDE6F28C06C8}.Debug|Any CPU.ActiveCfg = Debug|Any CPU
		{15B125E1-3F20-42F9-B972-CDE6F28C06C8}.Debug|Any CPU.Build.0 = Debug|Any CPU
		{15B125E1-3F20-42F9-B972-CDE6F28C06C8}.Release|Any CPU.ActiveCfg = Release|Any CPU
		{15B125E1-3F20-42F9-B972-CDE6F28C06C8}.Release|Any CPU.Build.0 = Release|Any CPU
	EndGlobalSection
	GlobalSection(SolutionProperties) = preSolution
		HideSolutionNode = FALSE
	EndGlobalSection
	GlobalSection(ExtensibilityGlobals) = postSolution
		SolutionGuid = {BB68844D-28D6-433B-82E3-9EA243727247}
	EndGlobalSection
EndGlobal
