
Microsoft Visual Studio Solution File, Format Version 12.00
# Visual Studio Version 17
VisualStudioVersion = 17.14.36511.14 d17.14
MinimumVisualStudioVersion = 10.0.40219.1
Project("{FAE04EC0-301F-11D3-BF4B-00C04F79EFBC}") = "Övningsuppgift Utökad temperaturskonvertering", "Övningsuppgift Utökad temperaturskonvertering.csproj", "{7AD17138-EC34-4D15-A7C3-C3C893828096}"
EndProject
Global
	GlobalSection(SolutionConfigurationPlatforms) = preSolution
		Debug|Any CPU = Debug|Any CPU
		Release|Any CPU = Release|Any CPU
	EndGlobalSection
	GlobalSection(ProjectConfigurationPlatforms) = postSolution
		{7AD17138-EC34-4D15-A7C3-C3C893828096}.Debug|Any CPU.ActiveCfg = Debug|Any CPU
		{7AD17138-EC34-4D15-A7C3-C3C893828096}.Debug|Any CPU.Build.0 = Debug|Any CPU
		{7AD17138-EC34-4D15-A7C3-C3C893828096}.Release|Any CPU.ActiveCfg = Release|Any CPU
		{7AD17138-EC34-4D15-A7C3-C3C893828096}.Release|Any CPU.Build.0 = Release|Any CPU
	EndGlobalSection
	GlobalSection(SolutionProperties) = preSolution
		HideSolutionNode = FALSE
	EndGlobalSection
	GlobalSection(ExtensibilityGlobals) = postSolution
		SolutionGuid = {A157DDD9-197A-47FC-A3FA-DA05B764AAB6}
	EndGlobalSection
EndGlobal
